{
    "version": 3,
    "terraform_version": "0.11.14",
    "serial": 24,
    "lineage": "3b066aa5-1e40-4f69-ca32-d810bdf7f571",
    "modules": [
        {
            "path": [
                "root"
            ],
            "outputs": {},
            "resources": {
                "aws_ebs_volume.ec2_ebs.0": {
                    "type": "aws_ebs_volume",
                    "depends_on": [],
                    "primary": {
                        "id": "vol-039df7d33eeb43e45",
                        "attributes": {
                            "arn": "arn:aws:ec2:eu-west-2:472810842447:volume/vol-039df7d33eeb43e45",
                            "availability_zone": "eu-west-2a",
                            "encrypted": "false",
                            "id": "vol-039df7d33eeb43e45",
                            "iops": "100",
                            "kms_key_id": "",
                            "outpost_arn": "",
                            "size": "5",
                            "snapshot_id": "",
                            "tags.%": "1",
                            "tags.Name": "bhargavi-aws",
                            "type": "gp2"
                        },
                        "meta": {},
                        "tainted": false
                    },
                    "deposed": [],
                    "provider": "provider.aws"
                },
                "aws_ebs_volume.ec2_ebs.1": {
                    "type": "aws_ebs_volume",
                    "depends_on": [],
                    "primary": {
                        "id": "vol-012315a07be367e5f",
                        "attributes": {
                            "arn": "arn:aws:ec2:eu-west-2:472810842447:volume/vol-012315a07be367e5f",
                            "availability_zone": "eu-west-2a",
                            "encrypted": "false",
                            "id": "vol-012315a07be367e5f",
                            "iops": "100",
                            "kms_key_id": "",
                            "outpost_arn": "",
                            "size": "5",
                            "snapshot_id": "",
                            "tags.%": "1",
                            "tags.Name": "bhargavi-aws",
                            "type": "gp2"
                        },
                        "meta": {},
                        "tainted": false
                    },
                    "deposed": [],
                    "provider": "provider.aws"
                },
                "aws_ebs_volume.ec2_ebs.2": {
                    "type": "aws_ebs_volume",
                    "depends_on": [],
                    "primary": {
                        "id": "vol-0e81108c70b756f2f",
                        "attributes": {
                            "arn": "arn:aws:ec2:eu-west-2:472810842447:volume/vol-0e81108c70b756f2f",
                            "availability_zone": "eu-west-2a",
                            "encrypted": "false",
                            "id": "vol-0e81108c70b756f2f",
                            "iops": "100",
                            "kms_key_id": "",
                            "outpost_arn": "",
                            "size": "5",
                            "snapshot_id": "",
                            "tags.%": "1",
                            "tags.Name": "bhargavi-aws",
                            "type": "gp2"
                        },
                        "meta": {},
                        "tainted": false
                    },
                    "deposed": [],
                    "provider": "provider.aws"
                },
                "aws_ebs_volume.ec2_ebs.3": {
                    "type": "aws_ebs_volume",
                    "depends_on": [],
                    "primary": {
                        "id": "vol-0d32b6801e2b00279",
                        "attributes": {
                            "arn": "arn:aws:ec2:eu-west-2:472810842447:volume/vol-0d32b6801e2b00279",
                            "availability_zone": "eu-west-2a",
                            "encrypted": "false",
                            "id": "vol-0d32b6801e2b00279",
                            "iops": "100",
                            "kms_key_id": "",
                            "outpost_arn": "",
                            "size": "5",
                            "snapshot_id": "",
                            "tags.%": "1",
                            "tags.Name": "bhargavi-aws",
                            "type": "gp2"
                        },
                        "meta": {},
                        "tainted": false
                    },
                    "deposed": [],
                    "provider": "provider.aws"
                },
                "aws_ebs_volume.ec2_ebs.4": {
                    "type": "aws_ebs_volume",
                    "depends_on": [],
                    "primary": {
                        "id": "vol-0097dd15e7b73948b",
                        "attributes": {
                            "arn": "arn:aws:ec2:eu-west-2:472810842447:volume/vol-0097dd15e7b73948b",
                            "availability_zone": "eu-west-2a",
                            "encrypted": "false",
                            "id": "vol-0097dd15e7b73948b",
                            "iops": "100",
                            "kms_key_id": "",
                            "outpost_arn": "",
                            "size": "5",
                            "snapshot_id": "",
                            "tags.%": "1",
                            "tags.Name": "bhargavi-aws",
                            "type": "gp2"
                        },
                        "meta": {},
                        "tainted": false
                    },
                    "deposed": [],
                    "provider": "provider.aws"
                },
                "aws_ebs_volume.ec2_ebs.5": {
                    "type": "aws_ebs_volume",
                    "depends_on": [],
                    "primary": {
                        "id": "vol-0bc35b3b730cffbdf",
                        "attributes": {
                            "arn": "arn:aws:ec2:eu-west-2:472810842447:volume/vol-0bc35b3b730cffbdf",
                            "availability_zone": "eu-west-2a",
                            "encrypted": "false",
                            "id": "vol-0bc35b3b730cffbdf",
                            "iops": "100",
                            "kms_key_id": "",
                            "outpost_arn": "",
                            "size": "5",
                            "snapshot_id": "",
                            "tags.%": "1",
                            "tags.Name": "bhargavi-aws",
                            "type": "gp2"
                        },
                        "meta": {},
                        "tainted": false
                    },
                    "deposed": [],
                    "provider": "provider.aws"
                },
                "aws_instance.ec2_instance.0": {
                    "type": "aws_instance",
                    "depends_on": [
                        "data.template_file.user-init"
                    ],
                    "primary": {
                        "id": "i-0f0fc16f5c49238d5",
                        "attributes": {
                            "ami": "ami-0596aab74a1ce3983",
                            "arn": "arn:aws:ec2:eu-west-2:472810842447:instance/i-0f0fc16f5c49238d5",
                            "associate_public_ip_address": "true",
                            "availability_zone": "eu-west-2a",
                            "cpu_core_count": "1",
                            "cpu_threads_per_core": "1",
                            "credit_specification.#": "1",
                            "credit_specification.0.cpu_credits": "standard",
                            "disable_api_termination": "false",
                            "ebs_block_device.#": "0",
                            "ebs_optimized": "false",
                            "ephemeral_block_device.#": "0",
                            "get_password_data": "false",
                            "hibernation": "false",
                            "iam_instance_profile": "",
                            "id": "i-0f0fc16f5c49238d5",
                            "instance_state": "running",
                            "instance_type": "t2.micro",
                            "ipv6_address_count": "0",
                            "ipv6_addresses.#": "0",
                            "key_name": "awskeys",
                            "metadata_options.#": "1",
                            "metadata_options.0.http_endpoint": "enabled",
                            "metadata_options.0.http_put_response_hop_limit": "1",
                            "metadata_options.0.http_tokens": "optional",
                            "monitoring": "false",
                            "network_interface.#": "0",
                            "outpost_arn": "",
                            "password_data": "",
                            "placement_group": "",
                            "primary_network_interface_id": "eni-0abcf22078d128b34",
                            "private_dns": "ip-172-31-23-110.eu-west-2.compute.internal",
                            "private_ip": "172.31.23.110",
                            "public_dns": "ec2-3-8-8-227.eu-west-2.compute.amazonaws.com",
                            "public_ip": "3.8.8.227",
                            "root_block_device.#": "1",
                            "root_block_device.0.delete_on_termination": "true",
                            "root_block_device.0.device_name": "/dev/xvda",
                            "root_block_device.0.encrypted": "false",
                            "root_block_device.0.iops": "100",
                            "root_block_device.0.kms_key_id": "",
                            "root_block_device.0.volume_id": "vol-0fdace8a71dbf6d1e",
                            "root_block_device.0.volume_size": "8",
                            "root_block_device.0.volume_type": "gp2",
                            "security_groups.#": "1",
                            "security_groups.480378657": "default",
                            "source_dest_check": "true",
                            "subnet_id": "subnet-2ef84554",
                            "tags.%": "1",
                            "tags.Name": "bhargavi-aws",
                            "tenancy": "default",
                            "user_data": "0e66ac04af6413727cad38dde8e580f94bdf08ff",
                            "volume_tags.%": "0",
                            "vpc_security_group_ids.#": "1",
                            "vpc_security_group_ids.2056823918": "sg-893f89e6"
                        },
                        "meta": {
                            "e2bfb730-ecaa-11e6-8f88-34363bc7c4c0": {
                                "create": 600000000000,
                                "delete": 1200000000000,
                                "update": 600000000000
                            },
                            "schema_version": "1"
                        },
                        "tainted": false
                    },
                    "deposed": [],
                    "provider": "provider.aws"
                },
                "aws_instance.ec2_instance.1": {
                    "type": "aws_instance",
                    "depends_on": [
                        "data.template_file.user-init"
                    ],
                    "primary": {
                        "id": "i-0bd1267299251850a",
                        "attributes": {
                            "ami": "ami-0596aab74a1ce3983",
                            "arn": "arn:aws:ec2:eu-west-2:472810842447:instance/i-0bd1267299251850a",
                            "associate_public_ip_address": "true",
                            "availability_zone": "eu-west-2a",
                            "cpu_core_count": "1",
                            "cpu_threads_per_core": "1",
                            "credit_specification.#": "1",
                            "credit_specification.0.cpu_credits": "standard",
                            "disable_api_termination": "false",
                            "ebs_block_device.#": "0",
                            "ebs_optimized": "false",
                            "ephemeral_block_device.#": "0",
                            "get_password_data": "false",
                            "hibernation": "false",
                            "iam_instance_profile": "",
                            "id": "i-0bd1267299251850a",
                            "instance_state": "running",
                            "instance_type": "t2.micro",
                            "ipv6_address_count": "0",
                            "ipv6_addresses.#": "0",
                            "key_name": "awskeys",
                            "metadata_options.#": "1",
                            "metadata_options.0.http_endpoint": "enabled",
                            "metadata_options.0.http_put_response_hop_limit": "1",
                            "metadata_options.0.http_tokens": "optional",
                            "monitoring": "false",
                            "network_interface.#": "0",
                            "outpost_arn": "",
                            "password_data": "",
                            "placement_group": "",
                            "primary_network_interface_id": "eni-01114272860a9927a",
                            "private_dns": "ip-172-31-29-176.eu-west-2.compute.internal",
                            "private_ip": "172.31.29.176",
                            "public_dns": "ec2-35-177-251-119.eu-west-2.compute.amazonaws.com",
                            "public_ip": "35.177.251.119",
                            "root_block_device.#": "1",
                            "root_block_device.0.delete_on_termination": "true",
                            "root_block_device.0.device_name": "/dev/xvda",
                            "root_block_device.0.encrypted": "false",
                            "root_block_device.0.iops": "100",
                            "root_block_device.0.kms_key_id": "",
                            "root_block_device.0.volume_id": "vol-0d1e5b7df18c8268b",
                            "root_block_device.0.volume_size": "8",
                            "root_block_device.0.volume_type": "gp2",
                            "security_groups.#": "1",
                            "security_groups.480378657": "default",
                            "source_dest_check": "true",
                            "subnet_id": "subnet-2ef84554",
                            "tags.%": "1",
                            "tags.Name": "bhargavi-aws",
                            "tenancy": "default",
                            "user_data": "0e66ac04af6413727cad38dde8e580f94bdf08ff",
                            "volume_tags.%": "0",
                            "vpc_security_group_ids.#": "1",
                            "vpc_security_group_ids.2056823918": "sg-893f89e6"
                        },
                        "meta": {
                            "e2bfb730-ecaa-11e6-8f88-34363bc7c4c0": {
                                "create": 600000000000,
                                "delete": 1200000000000,
                                "update": 600000000000
                            },
                            "schema_version": "1"
                        },
                        "tainted": false
                    },
                    "deposed": [],
                    "provider": "provider.aws"
                },
                "aws_volume_attachment.ebs_att.0": {
                    "type": "aws_volume_attachment",
                    "depends_on": [
                        "aws_ebs_volume.ec2_ebs.*",
                        "aws_instance.ec2_instance.*"
                    ],
                    "primary": {
                        "id": "vai-710271902",
                        "attributes": {
                            "device_name": "/dev/xvdb",
                            "force_detach": "true",
                            "id": "vai-710271902",
                            "instance_id": "i-0bd1267299251850a",
                            "volume_id": "vol-039df7d33eeb43e45"
                        },
                        "meta": {},
                        "tainted": false
                    },
                    "deposed": [],
                    "provider": "provider.aws"
                },
                "aws_volume_attachment.ebs_att.1": {
                    "type": "aws_volume_attachment",
                    "depends_on": [
                        "aws_ebs_volume.ec2_ebs.*",
                        "aws_instance.ec2_instance.*"
                    ],
                    "primary": {
                        "id": "vai-803732874",
                        "attributes": {
                            "device_name": "/dev/xvdc",
                            "force_detach": "true",
                            "id": "vai-803732874",
                            "instance_id": "i-0f0fc16f5c49238d5",
                            "volume_id": "vol-012315a07be367e5f"
                        },
                        "meta": {},
                        "tainted": false
                    },
                    "deposed": [],
                    "provider": "provider.aws"
                },
                "aws_volume_attachment.ebs_att.2": {
                    "type": "aws_volume_attachment",
                    "depends_on": [
                        "aws_ebs_volume.ec2_ebs.*",
                        "aws_instance.ec2_instance.*"
                    ],
                    "primary": {
                        "id": "vai-1734429311",
                        "attributes": {
                            "device_name": "/dev/xvdd",
                            "force_detach": "true",
                            "id": "vai-1734429311",
                            "instance_id": "i-0bd1267299251850a",
                            "volume_id": "vol-0e81108c70b756f2f"
                        },
                        "meta": {},
                        "tainted": false
                    },
                    "deposed": [],
                    "provider": "provider.aws"
                },
                "aws_volume_attachment.ebs_att.3": {
                    "type": "aws_volume_attachment",
                    "depends_on": [
                        "aws_ebs_volume.ec2_ebs.*",
                        "aws_instance.ec2_instance.*"
                    ],
                    "primary": {
                        "id": "vai-1420682544",
                        "attributes": {
                            "device_name": "/dev/xvdb",
                            "force_detach": "true",
                            "id": "vai-1420682544",
                            "instance_id": "i-0f0fc16f5c49238d5",
                            "volume_id": "vol-0d32b6801e2b00279"
                        },
                        "meta": {},
                        "tainted": false
                    },
                    "deposed": [],
                    "provider": "provider.aws"
                },
                "aws_volume_attachment.ebs_att.4": {
                    "type": "aws_volume_attachment",
                    "depends_on": [
                        "aws_ebs_volume.ec2_ebs.*",
                        "aws_instance.ec2_instance.*"
                    ],
                    "primary": {
                        "id": "vai-1641917277",
                        "attributes": {
                            "device_name": "/dev/xvdc",
                            "force_detach": "true",
                            "id": "vai-1641917277",
                            "instance_id": "i-0bd1267299251850a",
                            "volume_id": "vol-0097dd15e7b73948b"
                        },
                        "meta": {},
                        "tainted": false
                    },
                    "deposed": [],
                    "provider": "provider.aws"
                },
                "aws_volume_attachment.ebs_att.5": {
                    "type": "aws_volume_attachment",
                    "depends_on": [
                        "aws_ebs_volume.ec2_ebs.*",
                        "aws_instance.ec2_instance.*"
                    ],
                    "primary": {
                        "id": "vai-1188403318",
                        "attributes": {
                            "device_name": "/dev/xvdd",
                            "force_detach": "true",
                            "id": "vai-1188403318",
                            "instance_id": "i-0f0fc16f5c49238d5",
                            "volume_id": "vol-0bc35b3b730cffbdf"
                        },
                        "meta": {},
                        "tainted": false
                    },
                    "deposed": [],
                    "provider": "provider.aws"
                },
                "data.template_file.user-init": {
                    "type": "template_file",
                    "depends_on": [],
                    "primary": {
                        "id": "4e649ebe6d35ea0c90a2f4d5242a6a670e9e9e8ac417098cde9ad3b463aba188",
                        "attributes": {
                            "id": "4e649ebe6d35ea0c90a2f4d5242a6a670e9e9e8ac417098cde9ad3b463aba188",
                            "rendered": "#!/bin/bash\nsleep 5m\nsudo mkfs -t ext4 /dev/xvdb\nsudo mkfs -t ext4 /dev/xvdc\nsudo mkfs -t ext4 /dev/xvdd\nsudo mkdir /app1 /app2 /app3\nsudo  mount /dev/xvdb /app1/ \nsudo  mount /dev/xvdc /app2/\nsudo   mount /dev/xvdd /app3/\nsudo echo '/dev/xvdb /app1 ext4 defaults 0 0' \u003e\u003e /etc/fstab\nsudo echo '/dev/xvdc /app2 ext4 defaults 0 0' \u003e\u003e /etc/fstab\nsudo echo '/dev/xvdd /app3 ext4 defaults 0 0' \u003e\u003e /etc/fstab\nmount -a \n",
                            "template": "#!/bin/bash\nsleep 5m\nsudo mkfs -t ext4 /dev/xvdb\nsudo mkfs -t ext4 /dev/xvdc\nsudo mkfs -t ext4 /dev/xvdd\nsudo mkdir /app1 /app2 /app3\nsudo  mount /dev/xvdb /app1/ \nsudo  mount /dev/xvdc /app2/\nsudo   mount /dev/xvdd /app3/\nsudo echo '/dev/xvdb /app1 ext4 defaults 0 0' \u003e\u003e /etc/fstab\nsudo echo '/dev/xvdc /app2 ext4 defaults 0 0' \u003e\u003e /etc/fstab\nsudo echo '/dev/xvdd /app3 ext4 defaults 0 0' \u003e\u003e /etc/fstab\nmount -a \n"
                        },
                        "meta": {},
                        "tainted": false
                    },
                    "deposed": [],
                    "provider": "provider.template"
                }
            },
            "depends_on": []
        }
    ]
}
